// !$*UTF8*$!
{
	archiveVersion = 1;
	classes = {
	};
	objectVersion = 48;
	objects = {

/* Begin PBXGroup section */
		EE275D2520C2DF5100C536C4 = {
			isa = PBXGroup;
			children = (
			);
			sourceTree = "<group>";
		};
/* End PBXGroup section */

/* Begin PBXProject section */
		EE275D2620C2DF5100C536C4 /* Project object */ = {
			isa = PBXProject;
			attributes = {
				LastUpgradeCheck = 0920;
			};
			buildConfigurationList = EE275D2920C2DF5100C536C4 /* Build configuration list for PBXProject "TaskGuruApp" */;
			compatibilityVersion = "Xcode 8.0";
			developmentRegion = en;
			hasScannedForEncodings = 0;
			knownRegions = (
				en,
			);
			mainGroup = EE275D2520C2DF5100C536C4;
			projectDirPath = "";
			projectRoot = "";
			targets = (
			);
		};
/* End PBXProject section */

/* Begin XCBuildConfiguration section */
		EE275D2A20C2DF5100C536C4 /* Debug */ = {
			isa = XCBuildConfiguration;
			buildSettings = {
			};
			name = Debug;
		};
		EE275D2B20C2DF5100C536C4 /* Release */ = {
			isa = XCBuildConfiguration;
			buildSettings = {
			};
			name = Release;
		};
/* End XCBuildConfiguration section */

/* Begin XCConfigurationList section */
		EE275D2920C2DF5100C536C4 /* Build configuration list for PBXProject "TaskGuruApp" */ = {
			isa = XCConfigurationList;
			buildConfigurations = (
				EE275D2A20C2DF5100C536C4 /* Debug */,
				EE275D2B20C2DF5100C536C4 /* Release */,
			);
			defaultConfigurationIsVisible = 0;
			defaultConfigurationName = Release;
		};
/* End XCConfigurationList section */
	};
	rootObject = EE275D2620C2DF5100C536C4 /* Project object */;
}
